// !$*UTF8*$!
{
	archiveVersion = 1;
	classes = {
	};
	objectVersion = 77;
	objects = {

/* Begin PBXBuildFile section */
		340DB4F52DC0DA9F002FE7B7 /* SwiftUPnP in Frameworks */ = {isa = PBXBuildFile; productRef = 340DB4F42DC0DA9F002FE7B7 /* SwiftUPnP */; };
		340DB5982DC776C4002FE7B7 /* SwiftUPnP in Frameworks */ = {isa = PBXBuildFile; productRef = 340DB5972DC776C4002FE7B7 /* SwiftUPnP */; };
		3486CDB22DD0AB4100FADDE9 /* CustomBlurEffectView in Frameworks */ = {isa = PBXBuildFile; productRef = 3486CDB12DD0AB4100FADDE9 /* CustomBlurEffectView */; };
		3486CDB52DD0AB4A00FADDE9 /* Reachability in Frameworks */ = {isa = PBXBuildFile; productRef = 3486CDB42DD0AB4A00FADDE9 /* Reachability */; };
		3486CDB82DD0AB5500FADDE9 /* CustomNavigationView in Frameworks */ = {isa = PBXBuildFile; productRef = 3486CDB72DD0AB5500FADDE9 /* CustomNavigationView */; };
		3486CDBB2DD0AB7200FADDE9 /* Lottie in Frameworks */ = {isa = PBXBuildFile; productRef = 3486CDBA2DD0AB7200FADDE9 /* Lottie */; };
		3486CDBE2DD0AB8F00FADDE9 /* PremiumManager in Frameworks */ = {isa = PBXBuildFile; productRef = 3486CDBD2DD0AB8F00FADDE9 /* PremiumManager */; };
		3486CDC12DD0ABA100FADDE9 /* SDWebImage in Frameworks */ = {isa = PBXBuildFile; productRef = 3486CDC02DD0ABA100FADDE9 /* SDWebImage */; };
		3486CDC42DD0ABAA00FADDE9 /* SnapKit in Frameworks */ = {isa = PBXBuildFile; productRef = 3486CDC32DD0ABAA00FADDE9 /* SnapKit */; };
		3486CDC72DD0ABBF00FADDE9 /* Utilities in Frameworks */ = {isa = PBXBuildFile; productRef = 3486CDC62DD0ABBF00FADDE9 /* Utilities */; };
		3486CDCA2DD0ABCC00FADDE9 /* StorageManager in Frameworks */ = {isa = PBXBuildFile; productRef = 3486CDC92DD0ABCC00FADDE9 /* StorageManager */; };
		3486CDCD2DD0ABE700FADDE9 /* ShadowImageButton in Frameworks */ = {isa = PBXBuildFile; productRef = 3486CDCC2DD0ABE700FADDE9 /* ShadowImageButton */; };
		3486CDD02DD0AC0800FADDE9 /* FirebaseCrashlytics in Frameworks */ = {isa = PBXBuildFile; productRef = 3486CDCF2DD0AC0800FADDE9 /* FirebaseCrashlytics */; };
		3486CDD32DD0AC2900FADDE9 /* SwiftUPnP in Frameworks */ = {isa = PBXBuildFile; productRef = 3486CDD22DD0AC2900FADDE9 /* SwiftUPnP */; };
		3486CE532DD0B68500FADDE9 /* Localizable.strings in Resources */ = {isa = PBXBuildFile; fileRef = 3486CE512DD0B68500FADDE9 /* Localizable.strings */; };
		34D5F31C2DD7920E00E9B178 /* ReplayKit.framework in Frameworks */ = {isa = PBXBuildFile; fileRef = 34D5F31B2DD7920E00E9B178 /* ReplayKit.framework */; };
		34D5F3232DD7920E00E9B178 /* Broadcast.appex in Embed Foundation Extensions */ = {isa = PBXBuildFile; fileRef = 34D5F31A2DD7920E00E9B178 /* Broadcast.appex */; settings = {ATTRIBUTES = (RemoveHeadersOnCopy, ); }; };
		41147219E633006D26F07F8C /* Pods_ScreenMirror.framework in Frameworks */ = {isa = PBXBuildFile; fileRef = ABEFF10A86F55669945DFB52 /* Pods_ScreenMirror.framework */; };
		B95320AF7BA083F7BB4F65F7 /* Pods_Broadcast.framework in Frameworks */ = {isa = PBXBuildFile; fileRef = 37C021BD446DD25D0491F98C /* Pods_Broadcast.framework */; };
/* End PBXBuildFile section */

/* Begin PBXContainerItemProxy section */
		34D5F3212DD7920E00E9B178 /* PBXContainerItemProxy */ = {
			isa = PBXContainerItemProxy;
			containerPortal = 340DB3C72DC0C573002FE7B7 /* Project object */;
			proxyType = 1;
			remoteGlobalIDString = 34D5F3192DD7920E00E9B178;
			remoteInfo = Broadcast;
		};
/* End PBXContainerItemProxy section */

/* Begin PBXCopyFilesBuildPhase section */
		34D5F3282DD7920E00E9B178 /* Embed Foundation Extensions */ = {
			isa = PBXCopyFilesBuildPhase;
			buildActionMask = 2147483647;
			dstPath = "";
			dstSubfolderSpec = 13;
			files = (
				34D5F3232DD7920E00E9B178 /* Broadcast.appex in Embed Foundation Extensions */,
			);
			name = "Embed Foundation Extensions";
			runOnlyForDeploymentPostprocessing = 0;
		};
/* End PBXCopyFilesBuildPhase section */

/* Begin PBXFileReference section */
		31E813D02496FA610FE86A77 /* Pods-Broadcast.release.xcconfig */ = {isa = PBXFileReference; includeInIndex = 1; lastKnownFileType = text.xcconfig; name = "Pods-Broadcast.release.xcconfig"; path = "Target Support Files/Pods-Broadcast/Pods-Broadcast.release.xcconfig"; sourceTree = "<group>"; };
		340DB3CF2DC0C573002FE7B7 /* ScreenMirror.app */ = {isa = PBXFileReference; explicitFileType = wrapper.application; includeInIndex = 0; path = ScreenMirror.app; sourceTree = BUILT_PRODUCTS_DIR; };
		3486CE522DD0B68500FADDE9 /* en */ = {isa = PBXFileReference; lastKnownFileType = text.plist.strings; name = en; path = en.lproj/Localizable.strings; sourceTree = "<group>"; };
		34D5F31A2DD7920E00E9B178 /* Broadcast.appex */ = {isa = PBXFileReference; explicitFileType = "wrapper.app-extension"; includeInIndex = 0; path = Broadcast.appex; sourceTree = BUILT_PRODUCTS_DIR; };
		34D5F31B2DD7920E00E9B178 /* ReplayKit.framework */ = {isa = PBXFileReference; lastKnownFileType = wrapper.framework; name = ReplayKit.framework; path = System/Library/Frameworks/ReplayKit.framework; sourceTree = SDKROOT; };
		37C021BD446DD25D0491F98C /* Pods_Broadcast.framework */ = {isa = PBXFileReference; explicitFileType = wrapper.framework; includeInIndex = 0; path = Pods_Broadcast.framework; sourceTree = BUILT_PRODUCTS_DIR; };
		5A9A95E627E16ECC0B4977F6 /* Pods-ScreenMirror.release.xcconfig */ = {isa = PBXFileReference; includeInIndex = 1; lastKnownFileType = text.xcconfig; name = "Pods-ScreenMirror.release.xcconfig"; path = "Target Support Files/Pods-ScreenMirror/Pods-ScreenMirror.release.xcconfig"; sourceTree = "<group>"; };
		ABEFF10A86F55669945DFB52 /* Pods_ScreenMirror.framework */ = {isa = PBXFileReference; explicitFileType = wrapper.framework; includeInIndex = 0; path = Pods_ScreenMirror.framework; sourceTree = BUILT_PRODUCTS_DIR; };
		DDC185F9967A29C55862FF14 /* Pods-ScreenMirror.debug.xcconfig */ = {isa = PBXFileReference; includeInIndex = 1; lastKnownFileType = text.xcconfig; name = "Pods-ScreenMirror.debug.xcconfig"; path = "Target Support Files/Pods-ScreenMirror/Pods-ScreenMirror.debug.xcconfig"; sourceTree = "<group>"; };
		E03A4C0B5847210F79724F40 /* Pods-Broadcast.debug.xcconfig */ = {isa = PBXFileReference; includeInIndex = 1; lastKnownFileType = text.xcconfig; name = "Pods-Broadcast.debug.xcconfig"; path = "Target Support Files/Pods-Broadcast/Pods-Broadcast.debug.xcconfig"; sourceTree = "<group>"; };
/* End PBXFileReference section */

/* Begin PBXFileSystemSynchronizedBuildFileExceptionSet section */
		340DB3E12DC0C574002FE7B7 /* Exceptions for "ScreenMirror" folder in "ScreenMirror" target */ = {
			isa = PBXFileSystemSynchronizedBuildFileExceptionSet;
			membershipExceptions = (
				Info.plist,
			);
			target = 340DB3CE2DC0C573002FE7B7 /* ScreenMirror */;
		};
		34D5F3272DD7920E00E9B178 /* Exceptions for "Broadcast" folder in "Broadcast" target */ = {
			isa = PBXFileSystemSynchronizedBuildFileExceptionSet;
			membershipExceptions = (
				Info.plist,
			);
			target = 34D5F3192DD7920E00E9B178 /* Broadcast */;
		};
		34D5F32A2DD7924F00E9B178 /* Exceptions for "ScreenMirror" folder in "Broadcast" target */ = {
			isa = PBXFileSystemSynchronizedBuildFileExceptionSet;
			membershipExceptions = (
				Config.swift,
				Services/WebRTC/ICECandidate.swift,
				Services/WebRTC/Models/RTCKey.swift,
				Services/WebRTC/Models/RTCStreamQuality.swift,
				Services/WebRTC/RTCResponse.swift,
				Services/WebRTC/RTCStreamer.swift,
			);
			target = 34D5F3192DD7920E00E9B178 /* Broadcast */;
		};
/* End PBXFileSystemSynchronizedBuildFileExceptionSet section */

/* Begin PBXFileSystemSynchronizedRootGroup section */
		340DB3D12DC0C573002FE7B7 /* ScreenMirror */ = {
			isa = PBXFileSystemSynchronizedRootGroup;
			exceptions = (
				340DB3E12DC0C574002FE7B7 /* Exceptions for "ScreenMirror" folder in "ScreenMirror" target */,
				34D5F32A2DD7924F00E9B178 /* Exceptions for "ScreenMirror" folder in "Broadcast" target */,
			);
			path = ScreenMirror;
			sourceTree = "<group>";
		};
		34D5F31D2DD7920E00E9B178 /* Broadcast */ = {
			isa = PBXFileSystemSynchronizedRootGroup;
			exceptions = (
				34D5F3272DD7920E00E9B178 /* Exceptions for "Broadcast" folder in "Broadcast" target */,
			);
			path = Broadcast;
			sourceTree = "<group>";
		};
/* End PBXFileSystemSynchronizedRootGroup section */

/* Begin PBXFrameworksBuildPhase section */
		340DB3CC2DC0C573002FE7B7 /* Frameworks */ = {
			isa = PBXFrameworksBuildPhase;
			buildActionMask = 2147483647;
			files = (
				3486CDBE2DD0AB8F00FADDE9 /* PremiumManager in Frameworks */,
				3486CDB22DD0AB4100FADDE9 /* CustomBlurEffectView in Frameworks */,
				3486CDD32DD0AC2900FADDE9 /* SwiftUPnP in Frameworks */,
				3486CDBB2DD0AB7200FADDE9 /* Lottie in Frameworks */,
				3486CDD02DD0AC0800FADDE9 /* FirebaseCrashlytics in Frameworks */,
				340DB4F52DC0DA9F002FE7B7 /* SwiftUPnP in Frameworks */,
				3486CDB52DD0AB4A00FADDE9 /* Reachability in Frameworks */,
				340DB5982DC776C4002FE7B7 /* SwiftUPnP in Frameworks */,
				3486CDCA2DD0ABCC00FADDE9 /* StorageManager in Frameworks */,
				3486CDC72DD0ABBF00FADDE9 /* Utilities in Frameworks */,
				3486CDC12DD0ABA100FADDE9 /* SDWebImage in Frameworks */,
				3486CDB82DD0AB5500FADDE9 /* CustomNavigationView in Frameworks */,
				3486CDCD2DD0ABE700FADDE9 /* ShadowImageButton in Frameworks */,
				3486CDC42DD0ABAA00FADDE9 /* SnapKit in Frameworks */,
				41147219E633006D26F07F8C /* Pods_ScreenMirror.framework in Frameworks */,
			);
			runOnlyForDeploymentPostprocessing = 0;
		};
		34D5F3172DD7920E00E9B178 /* Frameworks */ = {
			isa = PBXFrameworksBuildPhase;
			buildActionMask = 2147483647;
			files = (
				34D5F31C2DD7920E00E9B178 /* ReplayKit.framework in Frameworks */,
				B95320AF7BA083F7BB4F65F7 /* Pods_Broadcast.framework in Frameworks */,
			);
			runOnlyForDeploymentPostprocessing = 0;
		};
/* End PBXFrameworksBuildPhase section */

/* Begin PBXGroup section */
		222B5BF473487826EFC94834 /* Frameworks */ = {
			isa = PBXGroup;
			children = (
				34D5F31B2DD7920E00E9B178 /* ReplayKit.framework */,
				37C021BD446DD25D0491F98C /* Pods_Broadcast.framework */,
				ABEFF10A86F55669945DFB52 /* Pods_ScreenMirror.framework */,
			);
			name = Frameworks;
			sourceTree = "<group>";
		};
		340DB3C62DC0C573002FE7B7 = {
			isa = PBXGroup;
			children = (
				3486CE512DD0B68500FADDE9 /* Localizable.strings */,
				340DB3D12DC0C573002FE7B7 /* ScreenMirror */,
				34D5F31D2DD7920E00E9B178 /* Broadcast */,
				340DB3D02DC0C573002FE7B7 /* Products */,
				3EFE7055A4ED81019C3698C4 /* Pods */,
				222B5BF473487826EFC94834 /* Frameworks */,
			);
			sourceTree = "<group>";
		};
		340DB3D02DC0C573002FE7B7 /* Products */ = {
			isa = PBXGroup;
			children = (
				340DB3CF2DC0C573002FE7B7 /* ScreenMirror.app */,
				34D5F31A2DD7920E00E9B178 /* Broadcast.appex */,
			);
			name = Products;
			sourceTree = "<group>";
		};
		3EFE7055A4ED81019C3698C4 /* Pods */ = {
			isa = PBXGroup;
			children = (
				E03A4C0B5847210F79724F40 /* Pods-Broadcast.debug.xcconfig */,
				31E813D02496FA610FE86A77 /* Pods-Broadcast.release.xcconfig */,
				DDC185F9967A29C55862FF14 /* Pods-ScreenMirror.debug.xcconfig */,
				5A9A95E627E16ECC0B4977F6 /* Pods-ScreenMirror.release.xcconfig */,
			);
			path = Pods;
			sourceTree = "<group>";
		};
/* End PBXGroup section */

/* Begin PBXNativeTarget section */
		340DB3CE2DC0C573002FE7B7 /* ScreenMirror */ = {
			isa = PBXNativeTarget;
			buildConfigurationList = 340DB3E22DC0C574002FE7B7 /* Build configuration list for PBXNativeTarget "ScreenMirror" */;
			buildPhases = (
				EF5BF7322CA78F1DD62EE706 /* [CP] Check Pods Manifest.lock */,
				340DB3CB2DC0C573002FE7B7 /* Sources */,
				340DB3CC2DC0C573002FE7B7 /* Frameworks */,
				340DB3CD2DC0C573002FE7B7 /* Resources */,
				34D5F3282DD7920E00E9B178 /* Embed Foundation Extensions */,
				AA9B702AB0E6D193A9EC5936 /* [CP] Embed Pods Frameworks */,
			);
			buildRules = (
			);
			dependencies = (
				34D5F3222DD7920E00E9B178 /* PBXTargetDependency */,
			);
			fileSystemSynchronizedGroups = (
				340DB3D12DC0C573002FE7B7 /* ScreenMirror */,
			);
			name = ScreenMirror;
			productName = ScreenMirror;
			productReference = 340DB3CF2DC0C573002FE7B7 /* ScreenMirror.app */;
			productType = "com.apple.product-type.application";
		};
		34D5F3192DD7920E00E9B178 /* Broadcast */ = {
			isa = PBXNativeTarget;
			buildConfigurationList = 34D5F3242DD7920E00E9B178 /* Build configuration list for PBXNativeTarget "Broadcast" */;
			buildPhases = (
				7C1BC30450DF35CAB1A5FFFE /* [CP] Check Pods Manifest.lock */,
				34D5F3162DD7920E00E9B178 /* Sources */,
				34D5F3172DD7920E00E9B178 /* Frameworks */,
				34D5F3182DD7920E00E9B178 /* Resources */,
			);
			buildRules = (
			);
			dependencies = (
			);
			fileSystemSynchronizedGroups = (
				34D5F31D2DD7920E00E9B178 /* Broadcast */,
			);
			name = Broadcast;
			productName = Broadcast;
			productReference = 34D5F31A2DD7920E00E9B178 /* Broadcast.appex */;
			productType = "com.apple.product-type.app-extension";
		};
/* End PBXNativeTarget section */

/* Begin PBXProject section */
		340DB3C72DC0C573002FE7B7 /* Project object */ = {
			isa = PBXProject;
			attributes = {
				BuildIndependentTargetsInParallel = 1;
				LastSwiftUpdateCheck = 1600;
				LastUpgradeCheck = 1600;
				TargetAttributes = {
					340DB3CE2DC0C573002FE7B7 = {
						CreatedOnToolsVersion = 16.0;
					};
					34D5F3192DD7920E00E9B178 = {
						CreatedOnToolsVersion = 16.0;
					};
				};
			};
			buildConfigurationList = 340DB3CA2DC0C573002FE7B7 /* Build configuration list for PBXProject "ScreenMirror" */;
			developmentRegion = en;
			hasScannedForEncodings = 0;
			knownRegions = (
				en,
				Base,
			);
			mainGroup = 340DB3C62DC0C573002FE7B7;
			minimizedProjectReferenceProxies = 1;
			packageReferences = (
				3486CDB02DD0AB4100FADDE9 /* XCRemoteSwiftPackageReference "CustomBlurEffectView" */,
				3486CDB32DD0AB4A00FADDE9 /* XCRemoteSwiftPackageReference "Reachability" */,
				3486CDB62DD0AB5500FADDE9 /* XCRemoteSwiftPackageReference "CustomNavigationView" */,
				3486CDB92DD0AB7200FADDE9 /* XCRemoteSwiftPackageReference "lottie-spm" */,
				3486CDBC2DD0AB8F00FADDE9 /* XCRemoteSwiftPackageReference "PremiumManager" */,
				3486CDBF2DD0ABA100FADDE9 /* XCRemoteSwiftPackageReference "SDWebImage" */,
				3486CDC22DD0ABAA00FADDE9 /* XCRemoteSwiftPackageReference "SnapKit" */,
				3486CDC52DD0ABBF00FADDE9 /* XCRemoteSwiftPackageReference "Utilities" */,
				3486CDC82DD0ABCC00FADDE9 /* XCRemoteSwiftPackageReference "StorageManager" */,
				3486CDCB2DD0ABE700FADDE9 /* XCRemoteSwiftPackageReference "ShadowImageButton" */,
				3486CDCE2DD0AC0800FADDE9 /* XCRemoteSwiftPackageReference "firebase-ios-sdk" */,
				3486CDD12DD0AC2900FADDE9 /* XCRemoteSwiftPackageReference "SwiftUPnP" */,
			);
			preferredProjectObjectVersion = 77;
			productRefGroup = 340DB3D02DC0C573002FE7B7 /* Products */;
			projectDirPath = "";
			projectRoot = "";
			targets = (
				340DB3CE2DC0C573002FE7B7 /* ScreenMirror */,
				34D5F3192DD7920E00E9B178 /* Broadcast */,
			);
		};
/* End PBXProject section */

/* Begin PBXResourcesBuildPhase section */
		340DB3CD2DC0C573002FE7B7 /* Resources */ = {
			isa = PBXResourcesBuildPhase;
			buildActionMask = 2147483647;
			files = (
				3486CE532DD0B68500FADDE9 /* Localizable.strings in Resources */,
			);
			runOnlyForDeploymentPostprocessing = 0;
		};
		34D5F3182DD7920E00E9B178 /* Resources */ = {
			isa = PBXResourcesBuildPhase;
			buildActionMask = 2147483647;
			files = (
			);
			runOnlyForDeploymentPostprocessing = 0;
		};
/* End PBXResourcesBuildPhase section */

/* Begin PBXShellScriptBuildPhase section */
		7C1BC30450DF35CAB1A5FFFE /* [CP] Check Pods Manifest.lock */ = {
			isa = PBXShellScriptBuildPhase;
			buildActionMask = 2147483647;
			files = (
			);
			inputFileListPaths = (
			);
			inputPaths = (
				"${PODS_PODFILE_DIR_PATH}/Podfile.lock",
				"${PODS_ROOT}/Manifest.lock",
			);
			name = "[CP] Check Pods Manifest.lock";
			outputFileListPaths = (
			);
			outputPaths = (
				"$(DERIVED_FILE_DIR)/Pods-Broadcast-checkManifestLockResult.txt",
			);
			runOnlyForDeploymentPostprocessing = 0;
			shellPath = /bin/sh;
			shellScript = "diff \"${PODS_PODFILE_DIR_PATH}/Podfile.lock\" \"${PODS_ROOT}/Manifest.lock\" > /dev/null\nif [ $? != 0 ] ; then\n    # print error to STDERR\n    echo \"error: The sandbox is not in sync with the Podfile.lock. Run 'pod install' or update your CocoaPods installation.\" >&2\n    exit 1\nfi\n# This output is used by Xcode 'outputs' to avoid re-running this script phase.\necho \"SUCCESS\" > \"${SCRIPT_OUTPUT_FILE_0}\"\n";
			showEnvVarsInLog = 0;
		};
		AA9B702AB0E6D193A9EC5936 /* [CP] Embed Pods Frameworks */ = {
			isa = PBXShellScriptBuildPhase;
			buildActionMask = 2147483647;
			files = (
			);
			inputFileListPaths = (
				"${PODS_ROOT}/Target Support Files/Pods-ScreenMirror/Pods-ScreenMirror-frameworks-${CONFIGURATION}-input-files.xcfilelist",
			);
			name = "[CP] Embed Pods Frameworks";
			outputFileListPaths = (
				"${PODS_ROOT}/Target Support Files/Pods-ScreenMirror/Pods-ScreenMirror-frameworks-${CONFIGURATION}-output-files.xcfilelist",
			);
			runOnlyForDeploymentPostprocessing = 0;
			shellPath = /bin/sh;
			shellScript = "\"${PODS_ROOT}/Target Support Files/Pods-ScreenMirror/Pods-ScreenMirror-frameworks.sh\"\n";
			showEnvVarsInLog = 0;
		};
		EF5BF7322CA78F1DD62EE706 /* [CP] Check Pods Manifest.lock */ = {
			isa = PBXShellScriptBuildPhase;
			buildActionMask = 2147483647;
			files = (
			);
			inputFileListPaths = (
			);
			inputPaths = (
				"${PODS_PODFILE_DIR_PATH}/Podfile.lock",
				"${PODS_ROOT}/Manifest.lock",
			);
			name = "[CP] Check Pods Manifest.lock";
			outputFileListPaths = (
			);
			outputPaths = (
				"$(DERIVED_FILE_DIR)/Pods-ScreenMirror-checkManifestLockResult.txt",
			);
			runOnlyForDeploymentPostprocessing = 0;
			shellPath = /bin/sh;
			shellScript = "diff \"${PODS_PODFILE_DIR_PATH}/Podfile.lock\" \"${PODS_ROOT}/Manifest.lock\" > /dev/null\nif [ $? != 0 ] ; then\n    # print error to STDERR\n    echo \"error: The sandbox is not in sync with the Podfile.lock. Run 'pod install' or update your CocoaPods installation.\" >&2\n    exit 1\nfi\n# This output is used by Xcode 'outputs' to avoid re-running this script phase.\necho \"SUCCESS\" > \"${SCRIPT_OUTPUT_FILE_0}\"\n";
			showEnvVarsInLog = 0;
		};
/* End PBXShellScriptBuildPhase section */

/* Begin PBXSourcesBuildPhase section */
		340DB3CB2DC0C573002FE7B7 /* Sources */ = {
			isa = PBXSourcesBuildPhase;
			buildActionMask = 2147483647;
			files = (
			);
			runOnlyForDeploymentPostprocessing = 0;
		};
		34D5F3162DD7920E00E9B178 /* Sources */ = {
			isa = PBXSourcesBuildPhase;
			buildActionMask = 2147483647;
			files = (
			);
			runOnlyForDeploymentPostprocessing = 0;
		};
/* End PBXSourcesBuildPhase section */

/* Begin PBXTargetDependency section */
		34D5F3222DD7920E00E9B178 /* PBXTargetDependency */ = {
			isa = PBXTargetDependency;
			target = 34D5F3192DD7920E00E9B178 /* Broadcast */;
			targetProxy = 34D5F3212DD7920E00E9B178 /* PBXContainerItemProxy */;
		};
/* End PBXTargetDependency section */

/* Begin PBXVariantGroup section */
		3486CE512DD0B68500FADDE9 /* Localizable.strings */ = {
			isa = PBXVariantGroup;
			children = (
				3486CE522DD0B68500FADDE9 /* en */,
			);
			name = Localizable.strings;
			sourceTree = "<group>";
		};
/* End PBXVariantGroup section */

/* Begin XCBuildConfiguration section */
		340DB3E32DC0C574002FE7B7 /* Debug */ = {
			isa = XCBuildConfiguration;
			baseConfigurationReference = DDC185F9967A29C55862FF14 /* Pods-ScreenMirror.debug.xcconfig */;
			buildSettings = {
				ASSETCATALOG_COMPILER_APPICON_NAME = AppIcon;
				ASSETCATALOG_COMPILER_GLOBAL_ACCENT_COLOR_NAME = AccentColor;
				CODE_SIGN_ENTITLEMENTS = ScreenMirror/ScreenMirror.entitlements;
				CODE_SIGN_STYLE = Automatic;
				CURRENT_PROJECT_VERSION = 1;
				DEVELOPMENT_TEAM = XMV3P6H2HC;
				ENABLE_USER_SCRIPT_SANDBOXING = NO;
				EXCLUDED_ARCHS = "";
				GENERATE_INFOPLIST_FILE = YES;
				INFOPLIST_FILE = ScreenMirror/Info.plist;
				INFOPLIST_KEY_NSLocalNetworkUsageDescription = "Приложению нужен доступ к локальной сети для поиска DLNA-устройств";
				INFOPLIST_KEY_UIApplicationSupportsIndirectInputEvents = YES;
				INFOPLIST_KEY_UILaunchStoryboardName = LaunchScreen;
				INFOPLIST_KEY_UISupportedInterfaceOrientations = UIInterfaceOrientationPortrait;
				INFOPLIST_KEY_UISupportedInterfaceOrientations_iPad = "UIInterfaceOrientationLandscapeLeft UIInterfaceOrientationLandscapeRight UIInterfaceOrientationPortrait UIInterfaceOrientationPortraitUpsideDown";
				IPHONEOS_DEPLOYMENT_TARGET = 16.0;
				LD_RUNPATH_SEARCH_PATHS = (
					"$(inherited)",
					"@executable_path/Frameworks",
				);
				MARKETING_VERSION = 1.0;
				PRODUCT_BUNDLE_IDENTIFIER = com.zakhar.example.screen.mirror;
				PRODUCT_NAME = "$(TARGET_NAME)";
				SUPPORTED_PLATFORMS = "iphoneos iphonesimulator";
				SUPPORTS_MACCATALYST = NO;
				SUPPORTS_MAC_DESIGNED_FOR_IPHONE_IPAD = NO;
				SUPPORTS_XR_DESIGNED_FOR_IPHONE_IPAD = NO;
				SWIFT_EMIT_LOC_STRINGS = YES;
				SWIFT_VERSION = 5.0;
				TARGETED_DEVICE_FAMILY = 1;
			};
			name = Debug;
		};
		340DB3E42DC0C574002FE7B7 /* Release */ = {
			isa = XCBuildConfiguration;
			baseConfigurationReference = 5A9A95E627E16ECC0B4977F6 /* Pods-ScreenMirror.release.xcconfig */;
			buildSettings = {
				ASSETCATALOG_COMPILER_APPICON_NAME = AppIcon;
				ASSETCATALOG_COMPILER_GLOBAL_ACCENT_COLOR_NAME = AccentColor;
				CODE_SIGN_ENTITLEMENTS = ScreenMirror/ScreenMirror.entitlements;
				CODE_SIGN_STYLE = Automatic;
				CURRENT_PROJECT_VERSION = 1;
				DEVELOPMENT_TEAM = XMV3P6H2HC;
				ENABLE_USER_SCRIPT_SANDBOXING = NO;
				EXCLUDED_ARCHS = "";
				"EXCLUDED_ARCHS[sdk=iphonesimulator*]" = "";
				GENERATE_INFOPLIST_FILE = YES;
				INFOPLIST_FILE = ScreenMirror/Info.plist;
				INFOPLIST_KEY_NSLocalNetworkUsageDescription = "Приложению нужен доступ к локальной сети для поиска DLNA-устройств";
				INFOPLIST_KEY_UIApplicationSupportsIndirectInputEvents = YES;
				INFOPLIST_KEY_UILaunchStoryboardName = LaunchScreen;
				INFOPLIST_KEY_UISupportedInterfaceOrientations = UIInterfaceOrientationPortrait;
				INFOPLIST_KEY_UISupportedInterfaceOrientations_iPad = "UIInterfaceOrientationLandscapeLeft UIInterfaceOrientationLandscapeRight UIInterfaceOrientationPortrait UIInterfaceOrientationPortraitUpsideDown";
				IPHONEOS_DEPLOYMENT_TARGET = 16.0;
				LD_RUNPATH_SEARCH_PATHS = (
					"$(inherited)",
					"@executable_path/Frameworks",
				);
				MARKETING_VERSION = 1.0;
				PRODUCT_BUNDLE_IDENTIFIER = com.zakhar.example.screen.mirror;
				PRODUCT_NAME = "$(TARGET_NAME)";
				SUPPORTED_PLATFORMS = "iphoneos iphonesimulator";
				SUPPORTS_MACCATALYST = NO;
				SUPPORTS_MAC_DESIGNED_FOR_IPHONE_IPAD = NO;
				SUPPORTS_XR_DESIGNED_FOR_IPHONE_IPAD = NO;
				SWIFT_EMIT_LOC_STRINGS = YES;
				SWIFT_VERSION = 5.0;
				TARGETED_DEVICE_FAMILY = 1;
			};
			name = Release;
		};
		340DB3E52DC0C574002FE7B7 /* Debug */ = {
			isa = XCBuildConfiguration;
			buildSettings = {
				ALWAYS_SEARCH_USER_PATHS = NO;
				ASSETCATALOG_COMPILER_GENERATE_SWIFT_ASSET_SYMBOL_EXTENSIONS = YES;
				CLANG_ANALYZER_NONNULL = YES;
				CLANG_ANALYZER_NUMBER_OBJECT_CONVERSION = YES_AGGRESSIVE;
				CLANG_CXX_LANGUAGE_STANDARD = "gnu++20";
				CLANG_ENABLE_MODULES = YES;
				CLANG_ENABLE_OBJC_ARC = YES;
				CLANG_ENABLE_OBJC_WEAK = YES;
				CLANG_WARN_BLOCK_CAPTURE_AUTORELEASING = YES;
				CLANG_WARN_BOOL_CONVERSION = YES;
				CLANG_WARN_COMMA = YES;
				CLANG_WARN_CONSTANT_CONVERSION = YES;
				CLANG_WARN_DEPRECATED_OBJC_IMPLEMENTATIONS = YES;
				CLANG_WARN_DIRECT_OBJC_ISA_USAGE = YES_ERROR;
				CLANG_WARN_DOCUMENTATION_COMMENTS = YES;
				CLANG_WARN_EMPTY_BODY = YES;
				CLANG_WARN_ENUM_CONVERSION = YES;
				CLANG_WARN_INFINITE_RECURSION = YES;
				CLANG_WARN_INT_CONVERSION = YES;
				CLANG_WARN_NON_LITERAL_NULL_CONVERSION = YES;
				CLANG_WARN_OBJC_IMPLICIT_RETAIN_SELF = YES;
				CLANG_WARN_OBJC_LITERAL_CONVERSION = YES;
				CLANG_WARN_OBJC_ROOT_CLASS = YES_ERROR;
				CLANG_WARN_QUOTED_INCLUDE_IN_FRAMEWORK_HEADER = YES;
				CLANG_WARN_RANGE_LOOP_ANALYSIS = YES;
				CLANG_WARN_STRICT_PROTOTYPES = YES;
				CLANG_WARN_SUSPICIOUS_MOVE = YES;
				CLANG_WARN_UNGUARDED_AVAILABILITY = YES_AGGRESSIVE;
				CLANG_WARN_UNREACHABLE_CODE = YES;
				CLANG_WARN__DUPLICATE_METHOD_MATCH = YES;
				COPY_PHASE_STRIP = NO;
				DEBUG_INFORMATION_FORMAT = dwarf;
				ENABLE_STRICT_OBJC_MSGSEND = YES;
				ENABLE_TESTABILITY = YES;
				ENABLE_USER_SCRIPT_SANDBOXING = YES;
				EXCLUDED_ARCHS = arm64;
				GCC_C_LANGUAGE_STANDARD = gnu17;
				GCC_DYNAMIC_NO_PIC = NO;
				GCC_NO_COMMON_BLOCKS = YES;
				GCC_OPTIMIZATION_LEVEL = 0;
				GCC_PREPROCESSOR_DEFINITIONS = (
					"DEBUG=1",
					"$(inherited)",
				);
				GCC_WARN_64_TO_32_BIT_CONVERSION = YES;
				GCC_WARN_ABOUT_RETURN_TYPE = YES_ERROR;
				GCC_WARN_UNDECLARED_SELECTOR = YES;
				GCC_WARN_UNINITIALIZED_AUTOS = YES_AGGRESSIVE;
				GCC_WARN_UNUSED_FUNCTION = YES;
				GCC_WARN_UNUSED_VARIABLE = YES;
				IPHONEOS_DEPLOYMENT_TARGET = 18.0;
				LOCALIZATION_PREFERS_STRING_CATALOGS = YES;
				MTL_ENABLE_DEBUG_INFO = INCLUDE_SOURCE;
				MTL_FAST_MATH = YES;
				ONLY_ACTIVE_ARCH = YES;
				SDKROOT = iphoneos;
				SWIFT_ACTIVE_COMPILATION_CONDITIONS = "DEBUG $(inherited)";
				SWIFT_OPTIMIZATION_LEVEL = "-Onone";
			};
			name = Debug;
		};
		340DB3E62DC0C574002FE7B7 /* Release */ = {
			isa = XCBuildConfiguration;
			buildSettings = {
				ALWAYS_SEARCH_USER_PATHS = NO;
				ASSETCATALOG_COMPILER_GENERATE_SWIFT_ASSET_SYMBOL_EXTENSIONS = YES;
				CLANG_ANALYZER_NONNULL = YES;
				CLANG_ANALYZER_NUMBER_OBJECT_CONVERSION = YES_AGGRESSIVE;
				CLANG_CXX_LANGUAGE_STANDARD = "gnu++20";
				CLANG_ENABLE_MODULES = YES;
				CLANG_ENABLE_OBJC_ARC = YES;
				CLANG_ENABLE_OBJC_WEAK = YES;
				CLANG_WARN_BLOCK_CAPTURE_AUTORELEASING = YES;
				CLANG_WARN_BOOL_CONVERSION = YES;
				CLANG_WARN_COMMA = YES;
				CLANG_WARN_CONSTANT_CONVERSION = YES;
				CLANG_WARN_DEPRECATED_OBJC_IMPLEMENTATIONS = YES;
				CLANG_WARN_DIRECT_OBJC_ISA_USAGE = YES_ERROR;
				CLANG_WARN_DOCUMENTATION_COMMENTS = YES;
				CLANG_WARN_EMPTY_BODY = YES;
				CLANG_WARN_ENUM_CONVERSION = YES;
				CLANG_WARN_INFINITE_RECURSION = YES;
				CLANG_WARN_INT_CONVERSION = YES;
				CLANG_WARN_NON_LITERAL_NULL_CONVERSION = YES;
				CLANG_WARN_OBJC_IMPLICIT_RETAIN_SELF = YES;
				CLANG_WARN_OBJC_LITERAL_CONVERSION = YES;
				CLANG_WARN_OBJC_ROOT_CLASS = YES_ERROR;
				CLANG_WARN_QUOTED_INCLUDE_IN_FRAMEWORK_HEADER = YES;
				CLANG_WARN_RANGE_LOOP_ANALYSIS = YES;
				CLANG_WARN_STRICT_PROTOTYPES = YES;
				CLANG_WARN_SUSPICIOUS_MOVE = YES;
				CLANG_WARN_UNGUARDED_AVAILABILITY = YES_AGGRESSIVE;
				CLANG_WARN_UNREACHABLE_CODE = YES;
				CLANG_WARN__DUPLICATE_METHOD_MATCH = YES;
				COPY_PHASE_STRIP = NO;
				DEBUG_INFORMATION_FORMAT = "dwarf-with-dsym";
				ENABLE_NS_ASSERTIONS = NO;
				ENABLE_STRICT_OBJC_MSGSEND = YES;
				ENABLE_USER_SCRIPT_SANDBOXING = YES;
				EXCLUDED_ARCHS = arm64;
				GCC_C_LANGUAGE_STANDARD = gnu17;
				GCC_NO_COMMON_BLOCKS = YES;
				GCC_WARN_64_TO_32_BIT_CONVERSION = YES;
				GCC_WARN_ABOUT_RETURN_TYPE = YES_ERROR;
				GCC_WARN_UNDECLARED_SELECTOR = YES;
				GCC_WARN_UNINITIALIZED_AUTOS = YES_AGGRESSIVE;
				GCC_WARN_UNUSED_FUNCTION = YES;
				GCC_WARN_UNUSED_VARIABLE = YES;
				IPHONEOS_DEPLOYMENT_TARGET = 18.0;
				LOCALIZATION_PREFERS_STRING_CATALOGS = YES;
				MTL_ENABLE_DEBUG_INFO = NO;
				MTL_FAST_MATH = YES;
				SDKROOT = iphoneos;
				SWIFT_COMPILATION_MODE = wholemodule;
				VALIDATE_PRODUCT = YES;
			};
			name = Release;
		};
		34D5F3252DD7920E00E9B178 /* Debug */ = {
			isa = XCBuildConfiguration;
			baseConfigurationReference = E03A4C0B5847210F79724F40 /* Pods-Broadcast.debug.xcconfig */;
			buildSettings = {
				CODE_SIGN_ENTITLEMENTS = Broadcast/Broadcast.entitlements;
				CODE_SIGN_STYLE = Automatic;
				CURRENT_PROJECT_VERSION = 1;
				DEVELOPMENT_TEAM = XMV3P6H2HC;
				EXCLUDED_ARCHS = "";
				GENERATE_INFOPLIST_FILE = YES;
				INFOPLIST_FILE = Broadcast/Info.plist;
				INFOPLIST_KEY_CFBundleDisplayName = Broadcast;
				INFOPLIST_KEY_NSHumanReadableCopyright = "";
				LD_RUNPATH_SEARCH_PATHS = (
					"$(inherited)",
					"@executable_path/Frameworks",
					"@executable_path/../../Frameworks",
				);
				MARKETING_VERSION = 1.0;
				PRODUCT_BUNDLE_IDENTIFIER = com.zakhar.example.screen.mirror.Broadcast;
				PRODUCT_NAME = "$(TARGET_NAME)";
				SKIP_INSTALL = YES;
				SWIFT_EMIT_LOC_STRINGS = YES;
				SWIFT_VERSION = 5.0;
				TARGETED_DEVICE_FAMILY = "1,2";
			};
			name = Debug;
		};
		34D5F3262DD7920E00E9B178 /* Release */ = {
			isa = XCBuildConfiguration;
			baseConfigurationReference = 31E813D02496FA610FE86A77 /* Pods-Broadcast.release.xcconfig */;
			buildSettings = {
				CODE_SIGN_ENTITLEMENTS = Broadcast/Broadcast.entitlements;
				CODE_SIGN_STYLE = Automatic;
				CURRENT_PROJECT_VERSION = 1;
				DEVELOPMENT_TEAM = XMV3P6H2HC;
				EXCLUDED_ARCHS = "";
				GENERATE_INFOPLIST_FILE = YES;
				INFOPLIST_FILE = Broadcast/Info.plist;
				INFOPLIST_KEY_CFBundleDisplayName = Broadcast;
				INFOPLIST_KEY_NSHumanReadableCopyright = "";
				LD_RUNPATH_SEARCH_PATHS = (
					"$(inherited)",
					"@executable_path/Frameworks",
					"@executable_path/../../Frameworks",
				);
				MARKETING_VERSION = 1.0;
				PRODUCT_BUNDLE_IDENTIFIER = com.zakhar.example.screen.mirror.Broadcast;
				PRODUCT_NAME = "$(TARGET_NAME)";
				SKIP_INSTALL = YES;
				SWIFT_EMIT_LOC_STRINGS = YES;
				SWIFT_VERSION = 5.0;
				TARGETED_DEVICE_FAMILY = "1,2";
			};
			name = Release;
		};
/* End XCBuildConfiguration section */

/* Begin XCConfigurationList section */
		340DB3CA2DC0C573002FE7B7 /* Build configuration list for PBXProject "ScreenMirror" */ = {
			isa = XCConfigurationList;
			buildConfigurations = (
				340DB3E52DC0C574002FE7B7 /* Debug */,
				340DB3E62DC0C574002FE7B7 /* Release */,
			);
			defaultConfigurationIsVisible = 0;
			defaultConfigurationName = Release;
		};
		340DB3E22DC0C574002FE7B7 /* Build configuration list for PBXNativeTarget "ScreenMirror" */ = {
			isa = XCConfigurationList;
			buildConfigurations = (
				340DB3E32DC0C574002FE7B7 /* Debug */,
				340DB3E42DC0C574002FE7B7 /* Release */,
			);
			defaultConfigurationIsVisible = 0;
			defaultConfigurationName = Release;
		};
		34D5F3242DD7920E00E9B178 /* Build configuration list for PBXNativeTarget "Broadcast" */ = {
			isa = XCConfigurationList;
			buildConfigurations = (
				34D5F3252DD7920E00E9B178 /* Debug */,
				34D5F3262DD7920E00E9B178 /* Release */,
			);
			defaultConfigurationIsVisible = 0;
			defaultConfigurationName = Release;
		};
/* End XCConfigurationList section */

/* Begin XCRemoteSwiftPackageReference section */
		340DB4F32DC0DA9F002FE7B7 /* XCRemoteSwiftPackageReference "SwiftUPnP" */ = {
			isa = XCRemoteSwiftPackageReference;
			repositoryURL = "https://github.com/katoemba/SwiftUPnP";
			requirement = {
				branch = main;
				kind = branch;
			};
		};
		340DB5962DC776C4002FE7B7 /* XCRemoteSwiftPackageReference "SwiftUPnP" */ = {
			isa = XCRemoteSwiftPackageReference;
			repositoryURL = "https://github.com/katoemba/SwiftUPnP";
			requirement = {
				branch = main;
				kind = branch;
			};
		};
		3486CDB02DD0AB4100FADDE9 /* XCRemoteSwiftPackageReference "CustomBlurEffectView" */ = {
			isa = XCRemoteSwiftPackageReference;
			repositoryURL = "https://github.com/perfectdim/CustomBlurEffectView";
			requirement = {
				kind = upToNextMajorVersion;
				minimumVersion = 0.0.3;
			};
		};
		3486CDB32DD0AB4A00FADDE9 /* XCRemoteSwiftPackageReference "Reachability" */ = {
			isa = XCRemoteSwiftPackageReference;
			repositoryURL = "https://github.com/ashleymills/Reachability.swift";
			requirement = {
				branch = master;
				kind = branch;
			};
		};
		3486CDB62DD0AB5500FADDE9 /* XCRemoteSwiftPackageReference "CustomNavigationView" */ = {
			isa = XCRemoteSwiftPackageReference;
			repositoryURL = "https://github.com/reganomika/CustomNavigationView";
			requirement = {
				kind = upToNextMajorVersion;
				minimumVersion = 1.0.0;
			};
		};
		3486CDB92DD0AB7200FADDE9 /* XCRemoteSwiftPackageReference "lottie-spm" */ = {
			isa = XCRemoteSwiftPackageReference;
			repositoryURL = "https://github.com/airbnb/lottie-spm";
			requirement = {
				kind = upToNextMajorVersion;
				minimumVersion = 4.5.1;
			};
		};
		3486CDBC2DD0AB8F00FADDE9 /* XCRemoteSwiftPackageReference "PremiumManager" */ = {
			isa = XCRemoteSwiftPackageReference;
			repositoryURL = "https://github.com/reganomika/PremiumManager";
			requirement = {
				kind = upToNextMajorVersion;
				minimumVersion = 1.0.2;
			};
		};
		3486CDBF2DD0ABA100FADDE9 /* XCRemoteSwiftPackageReference "SDWebImage" */ = {
			isa = XCRemoteSwiftPackageReference;
			repositoryURL = "https://github.com/SDWebImage/SDWebImage";
			requirement = {
				kind = upToNextMajorVersion;
				minimumVersion = 5.21.0;
			};
		};
		3486CDC22DD0ABAA00FADDE9 /* XCRemoteSwiftPackageReference "SnapKit" */ = {
			isa = XCRemoteSwiftPackageReference;
			repositoryURL = "https://github.com/SnapKit/SnapKit";
			requirement = {
				kind = upToNextMajorVersion;
				minimumVersion = 5.7.1;
			};
		};
		3486CDC52DD0ABBF00FADDE9 /* XCRemoteSwiftPackageReference "Utilities" */ = {
			isa = XCRemoteSwiftPackageReference;
			repositoryURL = "https://github.com/reganomika/Utilities";
			requirement = {
				kind = upToNextMajorVersion;
				minimumVersion = 1.0.3;
			};
		};
		3486CDC82DD0ABCC00FADDE9 /* XCRemoteSwiftPackageReference "StorageManager" */ = {
			isa = XCRemoteSwiftPackageReference;
			repositoryURL = "https://github.com/reganomika/StorageManager";
			requirement = {
				kind = upToNextMajorVersion;
				minimumVersion = 1.0.0;
			};
		};
		3486CDCB2DD0ABE700FADDE9 /* XCRemoteSwiftPackageReference "ShadowImageButton" */ = {
			isa = XCRemoteSwiftPackageReference;
			repositoryURL = "https://github.com/reganomika/ShadowImageButton";
			requirement = {
				kind = upToNextMajorVersion;
				minimumVersion = 1.1.3;
			};
		};
		3486CDCE2DD0AC0800FADDE9 /* XCRemoteSwiftPackageReference "firebase-ios-sdk" */ = {
			isa = XCRemoteSwiftPackageReference;
			repositoryURL = "https://github.com/firebase/firebase-ios-sdk.git";
			requirement = {
				kind = upToNextMajorVersion;
				minimumVersion = 11.12.0;
			};
		};
		3486CDD12DD0AC2900FADDE9 /* XCRemoteSwiftPackageReference "SwiftUPnP" */ = {
			isa = XCRemoteSwiftPackageReference;
			repositoryURL = "https://github.com/katoemba/SwiftUPnP";
			requirement = {
				branch = main;
				kind = branch;
			};
		};
/* End XCRemoteSwiftPackageReference section */

/* Begin XCSwiftPackageProductDependency section */
		340DB4F42DC0DA9F002FE7B7 /* SwiftUPnP */ = {
			isa = XCSwiftPackageProductDependency;
			package = 340DB4F32DC0DA9F002FE7B7 /* XCRemoteSwiftPackageReference "SwiftUPnP" */;
			productName = SwiftUPnP;
		};
		340DB5972DC776C4002FE7B7 /* SwiftUPnP */ = {
			isa = XCSwiftPackageProductDependency;
			package = 340DB5962DC776C4002FE7B7 /* XCRemoteSwiftPackageReference "SwiftUPnP" */;
			productName = SwiftUPnP;
		};
		3486CDB12DD0AB4100FADDE9 /* CustomBlurEffectView */ = {
			isa = XCSwiftPackageProductDependency;
			package = 3486CDB02DD0AB4100FADDE9 /* XCRemoteSwiftPackageReference "CustomBlurEffectView" */;
			productName = CustomBlurEffectView;
		};
		3486CDB42DD0AB4A00FADDE9 /* Reachability */ = {
			isa = XCSwiftPackageProductDependency;
			package = 3486CDB32DD0AB4A00FADDE9 /* XCRemoteSwiftPackageReference "Reachability" */;
			productName = Reachability;
		};
		3486CDB72DD0AB5500FADDE9 /* CustomNavigationView */ = {
			isa = XCSwiftPackageProductDependency;
			package = 3486CDB62DD0AB5500FADDE9 /* XCRemoteSwiftPackageReference "CustomNavigationView" */;
			productName = CustomNavigationView;
		};
		3486CDBA2DD0AB7200FADDE9 /* Lottie */ = {
			isa = XCSwiftPackageProductDependency;
			package = 3486CDB92DD0AB7200FADDE9 /* XCRemoteSwiftPackageReference "lottie-spm" */;
			productName = Lottie;
		};
		3486CDBD2DD0AB8F00FADDE9 /* PremiumManager */ = {
			isa = XCSwiftPackageProductDependency;
			package = 3486CDBC2DD0AB8F00FADDE9 /* XCRemoteSwiftPackageReference "PremiumManager" */;
			productName = PremiumManager;
		};
		3486CDC02DD0ABA100FADDE9 /* SDWebImage */ = {
			isa = XCSwiftPackageProductDependency;
			package = 3486CDBF2DD0ABA100FADDE9 /* XCRemoteSwiftPackageReference "SDWebImage" */;
			productName = SDWebImage;
		};
		3486CDC32DD0ABAA00FADDE9 /* SnapKit */ = {
			isa = XCSwiftPackageProductDependency;
			package = 3486CDC22DD0ABAA00FADDE9 /* XCRemoteSwiftPackageReference "SnapKit" */;
			productName = SnapKit;
		};
		3486CDC62DD0ABBF00FADDE9 /* Utilities */ = {
			isa = XCSwiftPackageProductDependency;
			package = 3486CDC52DD0ABBF00FADDE9 /* XCRemoteSwiftPackageReference "Utilities" */;
			productName = Utilities;
		};
		3486CDC92DD0ABCC00FADDE9 /* StorageManager */ = {
			isa = XCSwiftPackageProductDependency;
			package = 3486CDC82DD0ABCC00FADDE9 /* XCRemoteSwiftPackageReference "StorageManager" */;
			productName = StorageManager;
		};
		3486CDCC2DD0ABE700FADDE9 /* ShadowImageButton */ = {
			isa = XCSwiftPackageProductDependency;
			package = 3486CDCB2DD0ABE700FADDE9 /* XCRemoteSwiftPackageReference "ShadowImageButton" */;
			productName = ShadowImageButton;
		};
		3486CDCF2DD0AC0800FADDE9 /* FirebaseCrashlytics */ = {
			isa = XCSwiftPackageProductDependency;
			package = 3486CDCE2DD0AC0800FADDE9 /* XCRemoteSwiftPackageReference "firebase-ios-sdk" */;
			productName = FirebaseCrashlytics;
		};
		3486CDD22DD0AC2900FADDE9 /* SwiftUPnP */ = {
			isa = XCSwiftPackageProductDependency;
			package = 3486CDD12DD0AC2900FADDE9 /* XCRemoteSwiftPackageReference "SwiftUPnP" */;
			productName = SwiftUPnP;
		};
/* End XCSwiftPackageProductDependency section */
	};
	rootObject = 340DB3C72DC0C573002FE7B7 /* Project object */;
}
